// !$*UTF8*$!
{
	archiveVersion = 1;
	classes = {
	};
	objectVersion = 46;
	objects = {

/* Begin PBXBuildFile section */
		960A280918A22D00000520B2 /* Foundation.framework in Frameworks */ = {isa = PBXBuildFile; fileRef = 960A280818A22D00000520B2 /* Foundation.framework */; };
		960A280B18A22D00000520B2 /* CoreGraphics.framework in Frameworks */ = {isa = PBXBuildFile; fileRef = 960A280A18A22D00000520B2 /* CoreGraphics.framework */; };
		960A280D18A22D00000520B2 /* UIKit.framework in Frameworks */ = {isa = PBXBuildFile; fileRef = 960A280C18A22D00000520B2 /* UIKit.framework */; };
		960A281318A22D00000520B2 /* InfoPlist.strings in Resources */ = {isa = PBXBuildFile; fileRef = 960A281118A22D00000520B2 /* InfoPlist.strings */; };
		960A281518A22D00000520B2 /* main.m in Sources */ = {isa = PBXBuildFile; fileRef = 960A281418A22D00000520B2 /* main.m */; };
		960A281918A22D00000520B2 /* AppDelegate.m in Sources */ = {isa = PBXBuildFile; fileRef = 960A281818A22D00000520B2 /* AppDelegate.m */; };
		960A281C18A22D00000520B2 /* Main.storyboard in Resources */ = {isa = PBXBuildFile; fileRef = 960A281A18A22D00000520B2 /* Main.storyboard */; };
		960A281F18A22D00000520B2 /* ViewController.m in Sources */ = {isa = PBXBuildFile; fileRef = 960A281E18A22D00000520B2 /* ViewController.m */; };
		960A282118A22D00000520B2 /* Images.xcassets in Resources */ = {isa = PBXBuildFile; fileRef = 960A282018A22D00000520B2 /* Images.xcassets */; };
		960A282818A22D00000520B2 /* XCTest.framework in Frameworks */ = {isa = PBXBuildFile; fileRef = 960A282718A22D00000520B2 /* XCTest.framework */; };
		960A282918A22D00000520B2 /* Foundation.framework in Frameworks */ = {isa = PBXBuildFile; fileRef = 960A280818A22D00000520B2 /* Foundation.framework */; };
		960A282A18A22D00000520B2 /* UIKit.framework in Frameworks */ = {isa = PBXBuildFile; fileRef = 960A280C18A22D00000520B2 /* UIKit.framework */; };
		960A283218A22D00000520B2 /* InfoPlist.strings in Resources */ = {isa = PBXBuildFile; fileRef = 960A283018A22D00000520B2 /* InfoPlist.strings */; };
		960A283418A22D00000520B2 /* mageiosTests.m in Sources */ = {isa = PBXBuildFile; fileRef = 960A283318A22D00000520B2 /* mageiosTests.m */; };
		960A283F18A236D2000520B2 /* HomeViewController.m in Sources */ = {isa = PBXBuildFile; fileRef = 960A283E18A236D2000520B2 /* HomeViewController.m */; };
		960A284218A24551000520B2 /* XMLDictionary.m in Sources */ = {isa = PBXBuildFile; fileRef = 960A284118A24551000520B2 /* XMLDictionary.m */; };
		96224DF218C7303200AA4EAB /* button_down.png in Resources */ = {isa = PBXBuildFile; fileRef = 96224DF018C7303200AA4EAB /* button_down.png */; };
		96224DF318C7303200AA4EAB /* button_up.png in Resources */ = {isa = PBXBuildFile; fileRef = 96224DF118C7303200AA4EAB /* button_up.png */; };
		96316D6718BB581D003BB5B5 /* half_selected_star.png in Resources */ = {isa = PBXBuildFile; fileRef = 96316D5F18BB581D003BB5B5 /* half_selected_star.png */; };
		96316D6818BB581D003BB5B5 /* half_selected_star@2x.png in Resources */ = {isa = PBXBuildFile; fileRef = 96316D6018BB581D003BB5B5 /* half_selected_star@2x.png */; };
		96316D6918BB581D003BB5B5 /* not_selected_star.png in Resources */ = {isa = PBXBuildFile; fileRef = 96316D6118BB581D003BB5B5 /* not_selected_star.png */; };
		96316D6A18BB581D003BB5B5 /* not_selected_star@2x.png in Resources */ = {isa = PBXBuildFile; fileRef = 96316D6218BB581D003BB5B5 /* not_selected_star@2x.png */; };
		96316D6B18BB581D003BB5B5 /* selected_star.png in Resources */ = {isa = PBXBuildFile; fileRef = 96316D6318BB581D003BB5B5 /* selected_star.png */; };
		96316D6C18BB581D003BB5B5 /* selected_star@2x.png in Resources */ = {isa = PBXBuildFile; fileRef = 96316D6418BB581D003BB5B5 /* selected_star@2x.png */; };
		96316D6D18BB581D003BB5B5 /* ASStarRatingView.m in Sources */ = {isa = PBXBuildFile; fileRef = 96316D6518BB581D003BB5B5 /* ASStarRatingView.m */; };
		9649DDE718B4CE8A005F634A /* MBProgressHUD.m in Sources */ = {isa = PBXBuildFile; fileRef = 9649DDE518B4CE8A005F634A /* MBProgressHUD.m */; };
		9675DB1C18A3BC78001AD3F7 /* Service.m in Sources */ = {isa = PBXBuildFile; fileRef = 9675DB1B18A3BC78001AD3F7 /* Service.m */; };
		96855A3F18AA1A32009E3514 /* CategoryViewController.m in Sources */ = {isa = PBXBuildFile; fileRef = 96855A3E18AA1A32009E3514 /* CategoryViewController.m */; };
		96855A4218AA1D72009E3514 /* XCategory.m in Sources */ = {isa = PBXBuildFile; fileRef = 96855A4118AA1D72009E3514 /* XCategory.m */; };
		96A09EA618A5FE1F00F8055A /* UIColor+CreateMethods.m in Sources */ = {isa = PBXBuildFile; fileRef = 96A09EA518A5FE1F00F8055A /* UIColor+CreateMethods.m */; };
		96A09EA918A6066300F8055A /* Home.m in Sources */ = {isa = PBXBuildFile; fileRef = 96A09EA818A6066300F8055A /* Home.m */; };
		96B5D70518A6421B003C1805 /* tab_home.png in Resources */ = {isa = PBXBuildFile; fileRef = 96B5D70418A6421B003C1805 /* tab_home.png */; };
		96B5D70818A6426F003C1805 /* tab_shop.png in Resources */ = {isa = PBXBuildFile; fileRef = 96B5D70718A6426F003C1805 /* tab_shop.png */; };
		96BC24BE18B75FF800F6F62A /* ProductListViewController.m in Sources */ = {isa = PBXBuildFile; fileRef = 96BC24BD18B75FF800F6F62A /* ProductListViewController.m */; };
		96C250EF18CAED5B0034DBFB /* Quote.m in Sources */ = {isa = PBXBuildFile; fileRef = 96C250EE18CAED5B0034DBFB /* Quote.m */; };
		96D3CF8118C89CAD009F54C5 /* ProductViewController.m in Sources */ = {isa = PBXBuildFile; fileRef = 96D3CF8018C89CAD009F54C5 /* ProductViewController.m */; };
		96D3CF8418C8A620009F54C5 /* Product.m in Sources */ = {isa = PBXBuildFile; fileRef = 96D3CF8318C8A620009F54C5 /* Product.m */; };
/* End PBXBuildFile section */

/* Begin PBXContainerItemProxy section */
		960A282B18A22D00000520B2 /* PBXContainerItemProxy */ = {
			isa = PBXContainerItemProxy;
			containerPortal = 960A27FD18A22D00000520B2 /* Project object */;
			proxyType = 1;
			remoteGlobalIDString = 960A280418A22D00000520B2;
			remoteInfo = mageios;
		};
/* End PBXContainerItemProxy section */

/* Begin PBXFileReference section */
		960A280518A22D00000520B2 /* mageios.app */ = {isa = PBXFileReference; explicitFileType = wrapper.application; includeInIndex = 0; path = mageios.app; sourceTree = BUILT_PRODUCTS_DIR; };
		960A280818A22D00000520B2 /* Foundation.framework */ = {isa = PBXFileReference; lastKnownFileType = wrapper.framework; name = Foundation.framework; path = System/Library/Frameworks/Foundation.framework; sourceTree = SDKROOT; };
		960A280A18A22D00000520B2 /* CoreGraphics.framework */ = {isa = PBXFileReference; lastKnownFileType = wrapper.framework; name = CoreGraphics.framework; path = System/Library/Frameworks/CoreGraphics.framework; sourceTree = SDKROOT; };
		960A280C18A22D00000520B2 /* UIKit.framework */ = {isa = PBXFileReference; lastKnownFileType = wrapper.framework; name = UIKit.framework; path = System/Library/Frameworks/UIKit.framework; sourceTree = SDKROOT; };
		960A281018A22D00000520B2 /* mageios-Info.plist */ = {isa = PBXFileReference; lastKnownFileType = text.plist.xml; path = "mageios-Info.plist"; sourceTree = "<group>"; };
		960A281218A22D00000520B2 /* en */ = {isa = PBXFileReference; lastKnownFileType = text.plist.strings; name = en; path = en.lproj/InfoPlist.strings; sourceTree = "<group>"; };
		960A281418A22D00000520B2 /* main.m */ = {isa = PBXFileReference; lastKnownFileType = sourcecode.c.objc; path = main.m; sourceTree = "<group>"; };
		960A281618A22D00000520B2 /* mageios-Prefix.pch */ = {isa = PBXFileReference; lastKnownFileType = sourcecode.c.h; path = "mageios-Prefix.pch"; sourceTree = "<group>"; };
		960A281718A22D00000520B2 /* AppDelegate.h */ = {isa = PBXFileReference; lastKnownFileType = sourcecode.c.h; path = AppDelegate.h; sourceTree = "<group>"; };
		960A281818A22D00000520B2 /* AppDelegate.m */ = {isa = PBXFileReference; lastKnownFileType = sourcecode.c.objc; path = AppDelegate.m; sourceTree = "<group>"; };
		960A281B18A22D00000520B2 /* Base */ = {isa = PBXFileReference; lastKnownFileType = file.storyboard; name = Base; path = Base.lproj/Main.storyboard; sourceTree = "<group>"; };
		960A281D18A22D00000520B2 /* ViewController.h */ = {isa = PBXFileReference; lastKnownFileType = sourcecode.c.h; path = ViewController.h; sourceTree = "<group>"; };
		960A281E18A22D00000520B2 /* ViewController.m */ = {isa = PBXFileReference; lastKnownFileType = sourcecode.c.objc; path = ViewController.m; sourceTree = "<group>"; };
		960A282018A22D00000520B2 /* Images.xcassets */ = {isa = PBXFileReference; lastKnownFileType = folder.assetcatalog; path = Images.xcassets; sourceTree = "<group>"; };
		960A282618A22D00000520B2 /* mageiosTests.xctest */ = {isa = PBXFileReference; explicitFileType = wrapper.cfbundle; includeInIndex = 0; path = mageiosTests.xctest; sourceTree = BUILT_PRODUCTS_DIR; };
		960A282718A22D00000520B2 /* XCTest.framework */ = {isa = PBXFileReference; lastKnownFileType = wrapper.framework; name = XCTest.framework; path = Library/Frameworks/XCTest.framework; sourceTree = DEVELOPER_DIR; };
		960A282F18A22D00000520B2 /* mageiosTests-Info.plist */ = {isa = PBXFileReference; lastKnownFileType = text.plist.xml; path = "mageiosTests-Info.plist"; sourceTree = "<group>"; };
		960A283118A22D00000520B2 /* en */ = {isa = PBXFileReference; lastKnownFileType = text.plist.strings; name = en; path = en.lproj/InfoPlist.strings; sourceTree = "<group>"; };
		960A283318A22D00000520B2 /* mageiosTests.m */ = {isa = PBXFileReference; lastKnownFileType = sourcecode.c.objc; path = mageiosTests.m; sourceTree = "<group>"; };
		960A283D18A236D2000520B2 /* HomeViewController.h */ = {isa = PBXFileReference; fileEncoding = 4; lastKnownFileType = sourcecode.c.h; path = HomeViewController.h; sourceTree = "<group>"; };
		960A283E18A236D2000520B2 /* HomeViewController.m */ = {isa = PBXFileReference; fileEncoding = 4; lastKnownFileType = sourcecode.c.objc; path = HomeViewController.m; sourceTree = "<group>"; };
		960A284018A24551000520B2 /* XMLDictionary.h */ = {isa = PBXFileReference; fileEncoding = 4; lastKnownFileType = sourcecode.c.h; path = XMLDictionary.h; sourceTree = "<group>"; };
		960A284118A24551000520B2 /* XMLDictionary.m */ = {isa = PBXFileReference; fileEncoding = 4; lastKnownFileType = sourcecode.c.objc; path = XMLDictionary.m; sourceTree = "<group>"; };
		96224DF018C7303200AA4EAB /* button_down.png */ = {isa = PBXFileReference; lastKnownFileType = image.png; path = button_down.png; sourceTree = "<group>"; };
		96224DF118C7303200AA4EAB /* button_up.png */ = {isa = PBXFileReference; lastKnownFileType = image.png; path = button_up.png; sourceTree = "<group>"; };
		96316D5F18BB581D003BB5B5 /* half_selected_star.png */ = {isa = PBXFileReference; lastKnownFileType = image.png; path = half_selected_star.png; sourceTree = "<group>"; };
		96316D6018BB581D003BB5B5 /* half_selected_star@2x.png */ = {isa = PBXFileReference; lastKnownFileType = image.png; path = "half_selected_star@2x.png"; sourceTree = "<group>"; };
		96316D6118BB581D003BB5B5 /* not_selected_star.png */ = {isa = PBXFileReference; lastKnownFileType = image.png; path = not_selected_star.png; sourceTree = "<group>"; };
		96316D6218BB581D003BB5B5 /* not_selected_star@2x.png */ = {isa = PBXFileReference; lastKnownFileType = image.png; path = "not_selected_star@2x.png"; sourceTree = "<group>"; };
		96316D6318BB581D003BB5B5 /* selected_star.png */ = {isa = PBXFileReference; lastKnownFileType = image.png; path = selected_star.png; sourceTree = "<group>"; };
		96316D6418BB581D003BB5B5 /* selected_star@2x.png */ = {isa = PBXFileReference; lastKnownFileType = image.png; path = "selected_star@2x.png"; sourceTree = "<group>"; };
		96316D6518BB581D003BB5B5 /* ASStarRatingView.m */ = {isa = PBXFileReference; fileEncoding = 4; lastKnownFileType = sourcecode.c.objc; path = ASStarRatingView.m; sourceTree = "<group>"; };
		96316D6618BB581D003BB5B5 /* ASStarRatingView.h */ = {isa = PBXFileReference; fileEncoding = 4; lastKnownFileType = sourcecode.c.h; path = ASStarRatingView.h; sourceTree = "<group>"; };
		9649DDE518B4CE8A005F634A /* MBProgressHUD.m */ = {isa = PBXFileReference; fileEncoding = 4; lastKnownFileType = sourcecode.c.objc; path = MBProgressHUD.m; sourceTree = "<group>"; };
		9649DDE618B4CE8A005F634A /* MBProgressHUD.h */ = {isa = PBXFileReference; fileEncoding = 4; lastKnownFileType = sourcecode.c.h; path = MBProgressHUD.h; sourceTree = "<group>"; };
		9675DB1A18A3BC78001AD3F7 /* Service.h */ = {isa = PBXFileReference; fileEncoding = 4; lastKnownFileType = sourcecode.c.h; path = Service.h; sourceTree = "<group>"; };
		9675DB1B18A3BC78001AD3F7 /* Service.m */ = {isa = PBXFileReference; fileEncoding = 4; lastKnownFileType = sourcecode.c.objc; path = Service.m; sourceTree = "<group>"; };
		96855A3D18AA1A32009E3514 /* CategoryViewController.h */ = {isa = PBXFileReference; fileEncoding = 4; lastKnownFileType = sourcecode.c.h; path = CategoryViewController.h; sourceTree = "<group>"; };
		96855A3E18AA1A32009E3514 /* CategoryViewController.m */ = {isa = PBXFileReference; fileEncoding = 4; lastKnownFileType = sourcecode.c.objc; path = CategoryViewController.m; sourceTree = "<group>"; };
		96855A4018AA1D72009E3514 /* XCategory.h */ = {isa = PBXFileReference; fileEncoding = 4; lastKnownFileType = sourcecode.c.h; path = XCategory.h; sourceTree = "<group>"; };
		96855A4118AA1D72009E3514 /* XCategory.m */ = {isa = PBXFileReference; fileEncoding = 4; lastKnownFileType = sourcecode.c.objc; path = XCategory.m; sourceTree = "<group>"; };
		96A09EA418A5FE1F00F8055A /* UIColor+CreateMethods.h */ = {isa = PBXFileReference; fileEncoding = 4; lastKnownFileType = sourcecode.c.h; path = "UIColor+CreateMethods.h"; sourceTree = "<group>"; };
		96A09EA518A5FE1F00F8055A /* UIColor+CreateMethods.m */ = {isa = PBXFileReference; fileEncoding = 4; lastKnownFileType = sourcecode.c.objc; path = "UIColor+CreateMethods.m"; sourceTree = "<group>"; };
		96A09EA718A6066300F8055A /* Home.h */ = {isa = PBXFileReference; fileEncoding = 4; lastKnownFileType = sourcecode.c.h; path = Home.h; sourceTree = "<group>"; };
		96A09EA818A6066300F8055A /* Home.m */ = {isa = PBXFileReference; fileEncoding = 4; lastKnownFileType = sourcecode.c.objc; path = Home.m; sourceTree = "<group>"; };
		96B5D70418A6421B003C1805 /* tab_home.png */ = {isa = PBXFileReference; lastKnownFileType = image.png; path = tab_home.png; sourceTree = "<group>"; };
		96B5D70718A6426F003C1805 /* tab_shop.png */ = {isa = PBXFileReference; lastKnownFileType = image.png; path = tab_shop.png; sourceTree = "<group>"; };
		96BC24BC18B75FF800F6F62A /* ProductListViewController.h */ = {isa = PBXFileReference; fileEncoding = 4; lastKnownFileType = sourcecode.c.h; path = ProductListViewController.h; sourceTree = "<group>"; };
		96BC24BD18B75FF800F6F62A /* ProductListViewController.m */ = {isa = PBXFileReference; fileEncoding = 4; lastKnownFileType = sourcecode.c.objc; path = ProductListViewController.m; sourceTree = "<group>"; };
		96C250ED18CAED5B0034DBFB /* Quote.h */ = {isa = PBXFileReference; fileEncoding = 4; lastKnownFileType = sourcecode.c.h; path = Quote.h; sourceTree = "<group>"; };
		96C250EE18CAED5B0034DBFB /* Quote.m */ = {isa = PBXFileReference; fileEncoding = 4; lastKnownFileType = sourcecode.c.objc; path = Quote.m; sourceTree = "<group>"; };
		96D3CF7F18C89CAD009F54C5 /* ProductViewController.h */ = {isa = PBXFileReference; fileEncoding = 4; lastKnownFileType = sourcecode.c.h; path = ProductViewController.h; sourceTree = "<group>"; };
		96D3CF8018C89CAD009F54C5 /* ProductViewController.m */ = {isa = PBXFileReference; fileEncoding = 4; lastKnownFileType = sourcecode.c.objc; path = ProductViewController.m; sourceTree = "<group>"; };
		96D3CF8218C8A620009F54C5 /* Product.h */ = {isa = PBXFileReference; fileEncoding = 4; lastKnownFileType = sourcecode.c.h; path = Product.h; sourceTree = "<group>"; };
		96D3CF8318C8A620009F54C5 /* Product.m */ = {isa = PBXFileReference; fileEncoding = 4; lastKnownFileType = sourcecode.c.objc; path = Product.m; sourceTree = "<group>"; };
/* End PBXFileReference section */

/* Begin PBXFrameworksBuildPhase section */
		960A280218A22D00000520B2 /* Frameworks */ = {
			isa = PBXFrameworksBuildPhase;
			buildActionMask = 2147483647;
			files = (
				960A280B18A22D00000520B2 /* CoreGraphics.framework in Frameworks */,
				960A280D18A22D00000520B2 /* UIKit.framework in Frameworks */,
				960A280918A22D00000520B2 /* Foundation.framework in Frameworks */,
			);
			runOnlyForDeploymentPostprocessing = 0;
		};
		960A282318A22D00000520B2 /* Frameworks */ = {
			isa = PBXFrameworksBuildPhase;
			buildActionMask = 2147483647;
			files = (
				960A282818A22D00000520B2 /* XCTest.framework in Frameworks */,
				960A282A18A22D00000520B2 /* UIKit.framework in Frameworks */,
				960A282918A22D00000520B2 /* Foundation.framework in Frameworks */,
			);
			runOnlyForDeploymentPostprocessing = 0;
		};
/* End PBXFrameworksBuildPhase section */

/* Begin PBXGroup section */
		960A27FC18A22D00000520B2 = {
			isa = PBXGroup;
			children = (
				960A280E18A22D00000520B2 /* mageios */,
				960A282D18A22D00000520B2 /* mageiosTests */,
				960A280718A22D00000520B2 /* Frameworks */,
				960A280618A22D00000520B2 /* Products */,
			);
			sourceTree = "<group>";
		};
		960A280618A22D00000520B2 /* Products */ = {
			isa = PBXGroup;
			children = (
				960A280518A22D00000520B2 /* mageios.app */,
				960A282618A22D00000520B2 /* mageiosTests.xctest */,
			);
			name = Products;
			sourceTree = "<group>";
		};
		960A280718A22D00000520B2 /* Frameworks */ = {
			isa = PBXGroup;
			children = (
				960A280818A22D00000520B2 /* Foundation.framework */,
				960A280A18A22D00000520B2 /* CoreGraphics.framework */,
				960A280C18A22D00000520B2 /* UIKit.framework */,
				960A282718A22D00000520B2 /* XCTest.framework */,
			);
			name = Frameworks;
			sourceTree = "<group>";
		};
		960A280E18A22D00000520B2 /* mageios */ = {
			isa = PBXGroup;
			children = (
				96B5D70618A64225003C1805 /* assets */,
				96A09E9D18A5FD2100F8055A /* Helpers */,
				9675DB1D18A3BD46001AD3F7 /* controllers */,
				9675DB1918A3BBE1001AD3F7 /* Models */,
				960A284318A2455A000520B2 /* XMLDictionary */,
				960A281718A22D00000520B2 /* AppDelegate.h */,
				960A281818A22D00000520B2 /* AppDelegate.m */,
				960A281A18A22D00000520B2 /* Main.storyboard */,
				960A282018A22D00000520B2 /* Images.xcassets */,
				960A280F18A22D00000520B2 /* Supporting Files */,
			);
			path = mageios;
			sourceTree = "<group>";
		};
		960A280F18A22D00000520B2 /* Supporting Files */ = {
			isa = PBXGroup;
			children = (
				960A281018A22D00000520B2 /* mageios-Info.plist */,
				960A281118A22D00000520B2 /* InfoPlist.strings */,
				960A281418A22D00000520B2 /* main.m */,
				960A281618A22D00000520B2 /* mageios-Prefix.pch */,
			);
			name = "Supporting Files";
			sourceTree = "<group>";
		};
		960A282D18A22D00000520B2 /* mageiosTests */ = {
			isa = PBXGroup;
			children = (
				960A283318A22D00000520B2 /* mageiosTests.m */,
				960A282E18A22D00000520B2 /* Supporting Files */,
			);
			path = mageiosTests;
			sourceTree = "<group>";
		};
		960A282E18A22D00000520B2 /* Supporting Files */ = {
			isa = PBXGroup;
			children = (
				960A282F18A22D00000520B2 /* mageiosTests-Info.plist */,
				960A283018A22D00000520B2 /* InfoPlist.strings */,
			);
			name = "Supporting Files";
			sourceTree = "<group>";
		};
		960A284318A2455A000520B2 /* XMLDictionary */ = {
			isa = PBXGroup;
			children = (
				960A284018A24551000520B2 /* XMLDictionary.h */,
				960A284118A24551000520B2 /* XMLDictionary.m */,
			);
			name = XMLDictionary;
			sourceTree = "<group>";
		};
		96316D5E18BB581D003BB5B5 /* stars */ = {
			isa = PBXGroup;
			children = (
				96316D5F18BB581D003BB5B5 /* half_selected_star.png */,
				96316D6018BB581D003BB5B5 /* half_selected_star@2x.png */,
				96316D6118BB581D003BB5B5 /* not_selected_star.png */,
				96316D6218BB581D003BB5B5 /* not_selected_star@2x.png */,
				96316D6318BB581D003BB5B5 /* selected_star.png */,
				96316D6418BB581D003BB5B5 /* selected_star@2x.png */,
			);
			path = stars;
			sourceTree = "<group>";
		};
		9675DB1918A3BBE1001AD3F7 /* Models */ = {
			isa = PBXGroup;
			children = (
				9675DB1A18A3BC78001AD3F7 /* Service.h */,
				9675DB1B18A3BC78001AD3F7 /* Service.m */,
				96A09EA718A6066300F8055A /* Home.h */,
				96A09EA818A6066300F8055A /* Home.m */,
				96855A4018AA1D72009E3514 /* XCategory.h */,
				96855A4118AA1D72009E3514 /* XCategory.m */,
				96D3CF8218C8A620009F54C5 /* Product.h */,
				96D3CF8318C8A620009F54C5 /* Product.m */,
				96C250ED18CAED5B0034DBFB /* Quote.h */,
				96C250EE18CAED5B0034DBFB /* Quote.m */,
			);
			name = Models;
			sourceTree = "<group>";
		};
		9675DB1D18A3BD46001AD3F7 /* controllers */ = {
			isa = PBXGroup;
			children = (
				960A281D18A22D00000520B2 /* ViewController.h */,
				960A281E18A22D00000520B2 /* ViewController.m */,
				960A283D18A236D2000520B2 /* HomeViewController.h */,
				960A283E18A236D2000520B2 /* HomeViewController.m */,
				96855A3D18AA1A32009E3514 /* CategoryViewController.h */,
				96855A3E18AA1A32009E3514 /* CategoryViewController.m */,
				96BC24BC18B75FF800F6F62A /* ProductListViewController.h */,
				96BC24BD18B75FF800F6F62A /* ProductListViewController.m */,
				96D3CF7F18C89CAD009F54C5 /* ProductViewController.h */,
				96D3CF8018C89CAD009F54C5 /* ProductViewController.m */,
			);
			name = controllers;
			sourceTree = "<group>";
		};
		96A09E9D18A5FD2100F8055A /* Helpers */ = {
			isa = PBXGroup;
			children = (
				9649DDE518B4CE8A005F634A /* MBProgressHUD.m */,
				96316D5E18BB581D003BB5B5 /* stars */,
				96316D6518BB581D003BB5B5 /* ASStarRatingView.m */,
				96316D6618BB581D003BB5B5 /* ASStarRatingView.h */,
				9649DDE618B4CE8A005F634A /* MBProgressHUD.h */,
				96A09EA418A5FE1F00F8055A /* UIColor+CreateMethods.h */,
				96A09EA518A5FE1F00F8055A /* UIColor+CreateMethods.m */,
			);
			name = Helpers;
			sourceTree = "<group>";
		};
		96B5D70618A64225003C1805 /* assets */ = {
			isa = PBXGroup;
			children = (
				96B5D70718A6426F003C1805 /* tab_shop.png */,
				96224DF018C7303200AA4EAB /* button_down.png */,
				96224DF118C7303200AA4EAB /* button_up.png */,
				96B5D70418A6421B003C1805 /* tab_home.png */,
			);
			name = assets;
			sourceTree = "<group>";
		};
/* End PBXGroup section */

/* Begin PBXNativeTarget section */
		960A280418A22D00000520B2 /* mageios */ = {
			isa = PBXNativeTarget;
			buildConfigurationList = 960A283718A22D00000520B2 /* Build configuration list for PBXNativeTarget "mageios" */;
			buildPhases = (
				960A280118A22D00000520B2 /* Sources */,
				960A280218A22D00000520B2 /* Frameworks */,
				960A280318A22D00000520B2 /* Resources */,
			);
			buildRules = (
			);
			dependencies = (
			);
			name = mageios;
			productName = mageios;
			productReference = 960A280518A22D00000520B2 /* mageios.app */;
			productType = "com.apple.product-type.application";
		};
		960A282518A22D00000520B2 /* mageiosTests */ = {
			isa = PBXNativeTarget;
			buildConfigurationList = 960A283A18A22D00000520B2 /* Build configuration list for PBXNativeTarget "mageiosTests" */;
			buildPhases = (
				960A282218A22D00000520B2 /* Sources */,
				960A282318A22D00000520B2 /* Frameworks */,
				960A282418A22D00000520B2 /* Resources */,
			);
			buildRules = (
			);
			dependencies = (
				960A282C18A22D00000520B2 /* PBXTargetDependency */,
			);
			name = mageiosTests;
			productName = mageiosTests;
			productReference = 960A282618A22D00000520B2 /* mageiosTests.xctest */;
			productType = "com.apple.product-type.bundle.unit-test";
		};
/* End PBXNativeTarget section */

/* Begin PBXProject section */
		960A27FD18A22D00000520B2 /* Project object */ = {
			isa = PBXProject;
			attributes = {
				LastUpgradeCheck = 0500;
				ORGANIZATIONNAME = "KTPL - Mobile Development";
				TargetAttributes = {
					960A282518A22D00000520B2 = {
						TestTargetID = 960A280418A22D00000520B2;
					};
				};
			};
			buildConfigurationList = 960A280018A22D00000520B2 /* Build configuration list for PBXProject "mageios" */;
			compatibilityVersion = "Xcode 3.2";
			developmentRegion = English;
			hasScannedForEncodings = 0;
			knownRegions = (
				en,
				Base,
			);
			mainGroup = 960A27FC18A22D00000520B2;
			productRefGroup = 960A280618A22D00000520B2 /* Products */;
			projectDirPath = "";
			projectRoot = "";
			targets = (
				960A280418A22D00000520B2 /* mageios */,
				960A282518A22D00000520B2 /* mageiosTests */,
			);
		};
/* End PBXProject section */

/* Begin PBXResourcesBuildPhase section */
		960A280318A22D00000520B2 /* Resources */ = {
			isa = PBXResourcesBuildPhase;
			buildActionMask = 2147483647;
			files = (
				96B5D70818A6426F003C1805 /* tab_shop.png in Resources */,
				960A282118A22D00000520B2 /* Images.xcassets in Resources */,
				96316D6C18BB581D003BB5B5 /* selected_star@2x.png in Resources */,
				96316D6918BB581D003BB5B5 /* not_selected_star.png in Resources */,
				960A281318A22D00000520B2 /* InfoPlist.strings in Resources */,
				96224DF318C7303200AA4EAB /* button_up.png in Resources */,
				96224DF218C7303200AA4EAB /* button_down.png in Resources */,
				96B5D70518A6421B003C1805 /* tab_home.png in Resources */,
				96316D6A18BB581D003BB5B5 /* not_selected_star@2x.png in Resources */,
				96316D6818BB581D003BB5B5 /* half_selected_star@2x.png in Resources */,
				960A281C18A22D00000520B2 /* Main.storyboard in Resources */,
				96316D6B18BB581D003BB5B5 /* selected_star.png in Resources */,
				96316D6718BB581D003BB5B5 /* half_selected_star.png in Resources */,
			);
			runOnlyForDeploymentPostprocessing = 0;
		};
		960A282418A22D00000520B2 /* Resources */ = {
			isa = PBXResourcesBuildPhase;
			buildActionMask = 2147483647;
			files = (
				960A283218A22D00000520B2 /* InfoPlist.strings in Resources */,
			);
			runOnlyForDeploymentPostprocessing = 0;
		};
/* End PBXResourcesBuildPhase section */

/* Begin PBXSourcesBuildPhase section */
		960A280118A22D00000520B2 /* Sources */ = {
			isa = PBXSourcesBuildPhase;
			buildActionMask = 2147483647;
			files = (
				96C250EF18CAED5B0034DBFB /* Quote.m in Sources */,
				960A284218A24551000520B2 /* XMLDictionary.m in Sources */,
				9675DB1C18A3BC78001AD3F7 /* Service.m in Sources */,
				96A09EA918A6066300F8055A /* Home.m in Sources */,
				960A281F18A22D00000520B2 /* ViewController.m in Sources */,
				9649DDE718B4CE8A005F634A /* MBProgressHUD.m in Sources */,
				96855A3F18AA1A32009E3514 /* CategoryViewController.m in Sources */,
				96D3CF8418C8A620009F54C5 /* Product.m in Sources */,
				96D3CF8118C89CAD009F54C5 /* ProductViewController.m in Sources */,
				96BC24BE18B75FF800F6F62A /* ProductListViewController.m in Sources */,
				96316D6D18BB581D003BB5B5 /* ASStarRatingView.m in Sources */,
				960A281918A22D00000520B2 /* AppDelegate.m in Sources */,
				960A281518A22D00000520B2 /* main.m in Sources */,
				96855A4218AA1D72009E3514 /* XCategory.m in Sources */,
				960A283F18A236D2000520B2 /* HomeViewController.m in Sources */,
				96A09EA618A5FE1F00F8055A /* UIColor+CreateMethods.m in Sources */,
			);
			runOnlyForDeploymentPostprocessing = 0;
		};
		960A282218A22D00000520B2 /* Sources */ = {
			isa = PBXSourcesBuildPhase;
			buildActionMask = 2147483647;
			files = (
				960A283418A22D00000520B2 /* mageiosTests.m in Sources */,
			);
			runOnlyForDeploymentPostprocessing = 0;
		};
/* End PBXSourcesBuildPhase section */

/* Begin PBXTargetDependency section */
		960A282C18A22D00000520B2 /* PBXTargetDependency */ = {
			isa = PBXTargetDependency;
			target = 960A280418A22D00000520B2 /* mageios */;
			targetProxy = 960A282B18A22D00000520B2 /* PBXContainerItemProxy */;
		};
/* End PBXTargetDependency section */

/* Begin PBXVariantGroup section */
		960A281118A22D00000520B2 /* InfoPlist.strings */ = {
			isa = PBXVariantGroup;
			children = (
				960A281218A22D00000520B2 /* en */,
			);
			name = InfoPlist.strings;
			sourceTree = "<group>";
		};
		960A281A18A22D00000520B2 /* Main.storyboard */ = {
			isa = PBXVariantGroup;
			children = (
				960A281B18A22D00000520B2 /* Base */,
			);
			name = Main.storyboard;
			sourceTree = "<group>";
		};
		960A283018A22D00000520B2 /* InfoPlist.strings */ = {
			isa = PBXVariantGroup;
			children = (
				960A283118A22D00000520B2 /* en */,
			);
			name = InfoPlist.strings;
			sourceTree = "<group>";
		};
/* End PBXVariantGroup section */

/* Begin XCBuildConfiguration section */
		960A283518A22D00000520B2 /* Debug */ = {
			isa = XCBuildConfiguration;
			buildSettings = {
				ALWAYS_SEARCH_USER_PATHS = NO;
				ARCHS = "$(ARCHS_STANDARD_INCLUDING_64_BIT)";
				CLANG_CXX_LANGUAGE_STANDARD = "gnu++0x";
				CLANG_CXX_LIBRARY = "libc++";
				CLANG_ENABLE_MODULES = YES;
				CLANG_ENABLE_OBJC_ARC = YES;
				CLANG_WARN_BOOL_CONVERSION = YES;
				CLANG_WARN_CONSTANT_CONVERSION = YES;
				CLANG_WARN_DIRECT_OBJC_ISA_USAGE = YES_ERROR;
				CLANG_WARN_EMPTY_BODY = YES;
				CLANG_WARN_ENUM_CONVERSION = YES;
				CLANG_WARN_INT_CONVERSION = YES;
				CLANG_WARN_OBJC_ROOT_CLASS = YES_ERROR;
				CLANG_WARN__DUPLICATE_METHOD_MATCH = YES;
				"CODE_SIGN_IDENTITY[sdk=iphoneos*]" = "iPhone Developer";
				COPY_PHASE_STRIP = NO;
				GCC_C_LANGUAGE_STANDARD = gnu99;
				GCC_DYNAMIC_NO_PIC = NO;
				GCC_OPTIMIZATION_LEVEL = 0;
				GCC_PREPROCESSOR_DEFINITIONS = (
					"DEBUG=1",
					"$(inherited)",
				);
				GCC_SYMBOLS_PRIVATE_EXTERN = NO;
				GCC_WARN_64_TO_32_BIT_CONVERSION = YES;
				GCC_WARN_ABOUT_RETURN_TYPE = YES_ERROR;
				GCC_WARN_UNDECLARED_SELECTOR = YES;
				GCC_WARN_UNINITIALIZED_AUTOS = YES;
				GCC_WARN_UNUSED_FUNCTION = YES;
				GCC_WARN_UNUSED_VARIABLE = YES;
				IPHONEOS_DEPLOYMENT_TARGET = 7.0;
				ONLY_ACTIVE_ARCH = YES;
				SDKROOT = iphoneos;
			};
			name = Debug;
		};
		960A283618A22D00000520B2 /* Release */ = {
			isa = XCBuildConfiguration;
			buildSettings = {
				ALWAYS_SEARCH_USER_PATHS = NO;
				ARCHS = "$(ARCHS_STANDARD_INCLUDING_64_BIT)";
				CLANG_CXX_LANGUAGE_STANDARD = "gnu++0x";
				CLANG_CXX_LIBRARY = "libc++";
				CLANG_ENABLE_MODULES = YES;
				CLANG_ENABLE_OBJC_ARC = YES;
				CLANG_WARN_BOOL_CONVERSION = YES;
				CLANG_WARN_CONSTANT_CONVERSION = YES;
				CLANG_WARN_DIRECT_OBJC_ISA_USAGE = YES_ERROR;
				CLANG_WARN_EMPTY_BODY = YES;
				CLANG_WARN_ENUM_CONVERSION = YES;
				CLANG_WARN_INT_CONVERSION = YES;
				CLANG_WARN_OBJC_ROOT_CLASS = YES_ERROR;
				CLANG_WARN__DUPLICATE_METHOD_MATCH = YES;
				"CODE_SIGN_IDENTITY[sdk=iphoneos*]" = "iPhone Developer";
				COPY_PHASE_STRIP = YES;
				ENABLE_NS_ASSERTIONS = NO;
				GCC_C_LANGUAGE_STANDARD = gnu99;
				GCC_WARN_64_TO_32_BIT_CONVERSION = YES;
				GCC_WARN_ABOUT_RETURN_TYPE = YES_ERROR;
				GCC_WARN_UNDECLARED_SELECTOR = YES;
				GCC_WARN_UNINITIALIZED_AUTOS = YES;
				GCC_WARN_UNUSED_FUNCTION = YES;
				GCC_WARN_UNUSED_VARIABLE = YES;
				IPHONEOS_DEPLOYMENT_TARGET = 7.0;
				SDKROOT = iphoneos;
				VALIDATE_PRODUCT = YES;
			};
			name = Release;
		};
		960A283818A22D00000520B2 /* Debug */ = {
			isa = XCBuildConfiguration;
			buildSettings = {
				ASSETCATALOG_COMPILER_APPICON_NAME = AppIcon;
				ASSETCATALOG_COMPILER_LAUNCHIMAGE_NAME = LaunchImage;
				GCC_PRECOMPILE_PREFIX_HEADER = YES;
				GCC_PREFIX_HEADER = "mageios/mageios-Prefix.pch";
				INFOPLIST_FILE = "mageios/mageios-Info.plist";
				PRODUCT_NAME = "$(TARGET_NAME)";
				WRAPPER_EXTENSION = app;
			};
			name = Debug;
		};
		960A283918A22D00000520B2 /* Release */ = {
			isa = XCBuildConfiguration;
			buildSettings = {
				ASSETCATALOG_COMPILER_APPICON_NAME = AppIcon;
				ASSETCATALOG_COMPILER_LAUNCHIMAGE_NAME = LaunchImage;
				GCC_PRECOMPILE_PREFIX_HEADER = YES;
				GCC_PREFIX_HEADER = "mageios/mageios-Prefix.pch";
				INFOPLIST_FILE = "mageios/mageios-Info.plist";
				PRODUCT_NAME = "$(TARGET_NAME)";
				WRAPPER_EXTENSION = app;
			};
			name = Release;
		};
		960A283B18A22D00000520B2 /* Debug */ = {
			isa = XCBuildConfiguration;
			buildSettings = {
				ARCHS = "$(ARCHS_STANDARD_INCLUDING_64_BIT)";
				BUNDLE_LOADER = "$(BUILT_PRODUCTS_DIR)/mageios.app/mageios";
				FRAMEWORK_SEARCH_PATHS = (
					"$(SDKROOT)/Developer/Library/Frameworks",
					"$(inherited)",
					"$(DEVELOPER_FRAMEWORKS_DIR)",
				);
				GCC_PRECOMPILE_PREFIX_HEADER = YES;
				GCC_PREFIX_HEADER = "mageios/mageios-Prefix.pch";
				GCC_PREPROCESSOR_DEFINITIONS = (
					"DEBUG=1",
					"$(inherited)",
				);
				INFOPLIST_FILE = "mageiosTests/mageiosTests-Info.plist";
				PRODUCT_NAME = "$(TARGET_NAME)";
				TEST_HOST = "$(BUNDLE_LOADER)";
				WRAPPER_EXTENSION = xctest;
			};
			name = Debug;
		};
		960A283C18A22D00000520B2 /* Release */ = {
			isa = XCBuildConfiguration;
			buildSettings = {
				ARCHS = "$(ARCHS_STANDARD_INCLUDING_64_BIT)";
				BUNDLE_LOADER = "$(BUILT_PRODUCTS_DIR)/mageios.app/mageios";
				FRAMEWORK_SEARCH_PATHS = (
					"$(SDKROOT)/Developer/Library/Frameworks",
					"$(inherited)",
					"$(DEVELOPER_FRAMEWORKS_DIR)",
				);
				GCC_PRECOMPILE_PREFIX_HEADER = YES;
				GCC_PREFIX_HEADER = "mageios/mageios-Prefix.pch";
				INFOPLIST_FILE = "mageiosTests/mageiosTests-Info.plist";
				PRODUCT_NAME = "$(TARGET_NAME)";
				TEST_HOST = "$(BUNDLE_LOADER)";
				WRAPPER_EXTENSION = xctest;
			};
			name = Release;
		};
/* End XCBuildConfiguration section */

/* Begin XCConfigurationList section */
		960A280018A22D00000520B2 /* Build configuration list for PBXProject "mageios" */ = {
			isa = XCConfigurationList;
			buildConfigurations = (
				960A283518A22D00000520B2 /* Debug */,
				960A283618A22D00000520B2 /* Release */,
			);
			defaultConfigurationIsVisible = 0;
			defaultConfigurationName = Release;
		};
		960A283718A22D00000520B2 /* Build configuration list for PBXNativeTarget "mageios" */ = {
			isa = XCConfigurationList;
			buildConfigurations = (
				960A283818A22D00000520B2 /* Debug */,
				960A283918A22D00000520B2 /* Release */,
			);
			defaultConfigurationIsVisible = 0;
			defaultConfigurationName = Release;
		};
		960A283A18A22D00000520B2 /* Build configuration list for PBXNativeTarget "mageiosTests" */ = {
			isa = XCConfigurationList;
			buildConfigurations = (
				960A283B18A22D00000520B2 /* Debug */,
				960A283C18A22D00000520B2 /* Release */,
			);
			defaultConfigurationIsVisible = 0;
			defaultConfigurationName = Release;
		};
/* End XCConfigurationList section */
	};
	rootObject = 960A27FD18A22D00000520B2 /* Project object */;
}
